// !$*UTF8*$!
{
	archiveVersion = 1;
	classes = {
	};
	objectVersion = 46;
	objects = {

/* Begin PBXBuildFile section */
		4C809EC6173439BD0062F89B /* Cocoa.framework in Frameworks */ = {isa = PBXBuildFile; fileRef = 4C809EC5173439BD0062F89B /* Cocoa.framework */; };
		4C809ED0173439BD0062F89B /* InfoPlist.strings in Resources */ = {isa = PBXBuildFile; fileRef = 4C809ECE173439BD0062F89B /* InfoPlist.strings */; };
		4C809ED2173439BD0062F89B /* main.m in Sources */ = {isa = PBXBuildFile; fileRef = 4C809ED1173439BD0062F89B /* main.m */; };
		4C809ED6173439BD0062F89B /* Credits.rtf in Resources */ = {isa = PBXBuildFile; fileRef = 4C809ED4173439BD0062F89B /* Credits.rtf */; };
		4C809ED9173439BD0062F89B /* PPAppDelegate.m in Sources */ = {isa = PBXBuildFile; fileRef = 4C809ED8173439BD0062F89B /* PPAppDelegate.m */; };
		4C809EDC173439BD0062F89B /* MainMenu.xib in Resources */ = {isa = PBXBuildFile; fileRef = 4C809EDA173439BD0062F89B /* MainMenu.xib */; };
		4C809F0417345F1B0062F89B /* AFHTTPClient.m in Sources */ = {isa = PBXBuildFile; fileRef = 4C809EF217345F1B0062F89B /* AFHTTPClient.m */; };
		4C809F0517345F1B0062F89B /* AFHTTPRequestOperation.m in Sources */ = {isa = PBXBuildFile; fileRef = 4C809EF417345F1B0062F89B /* AFHTTPRequestOperation.m */; };
		4C809F0617345F1B0062F89B /* AFImageRequestOperation.m in Sources */ = {isa = PBXBuildFile; fileRef = 4C809EF617345F1B0062F89B /* AFImageRequestOperation.m */; };
		4C809F0717345F1B0062F89B /* AFJSONRequestOperation.m in Sources */ = {isa = PBXBuildFile; fileRef = 4C809EF817345F1B0062F89B /* AFJSONRequestOperation.m */; };
		4C809F0817345F1B0062F89B /* AFNetworkActivityIndicatorManager.m in Sources */ = {isa = PBXBuildFile; fileRef = 4C809EFA17345F1B0062F89B /* AFNetworkActivityIndicatorManager.m */; };
		4C809F0917345F1B0062F89B /* AFPropertyListRequestOperation.m in Sources */ = {isa = PBXBuildFile; fileRef = 4C809EFD17345F1B0062F89B /* AFPropertyListRequestOperation.m */; };
		4C809F0A17345F1B0062F89B /* AFURLConnectionOperation.m in Sources */ = {isa = PBXBuildFile; fileRef = 4C809EFF17345F1B0062F89B /* AFURLConnectionOperation.m */; };
		4C809F0B17345F1B0062F89B /* AFXMLRequestOperation.m in Sources */ = {isa = PBXBuildFile; fileRef = 4C809F0117345F1B0062F89B /* AFXMLRequestOperation.m */; };
		4C809F0C17345F1B0062F89B /* UIImageView+AFNetworking.m in Sources */ = {isa = PBXBuildFile; fileRef = 4C809F0317345F1B0062F89B /* UIImageView+AFNetworking.m */; };
		4C809F0E17345FE40062F89B /* SystemConfiguration.framework in Frameworks */ = {isa = PBXBuildFile; fileRef = 4C809F0D17345FE40062F89B /* SystemConfiguration.framework */; };
		4C809F11173515A60062F89B /* PPPinboardConnector.m in Sources */ = {isa = PBXBuildFile; fileRef = 4C809F10173515A60062F89B /* PPPinboardConnector.m */; };
		4C809F141735622B0062F89B /* PPGoogleReaderImport.m in Sources */ = {isa = PBXBuildFile; fileRef = 4C809F131735622B0062F89B /* PPGoogleReaderImport.m */; };
		4CD27F1D1736CA48000205A2 /* Icon.icns in Resources */ = {isa = PBXBuildFile; fileRef = 4CD27F1C1736CA48000205A2 /* Icon.icns */; };
/* End PBXBuildFile section */

/* Begin PBXFileReference section */
		4C809EC2173439BD0062F89B /* Pinport.app */ = {isa = PBXFileReference; explicitFileType = wrapper.application; includeInIndex = 0; path = Pinport.app; sourceTree = BUILT_PRODUCTS_DIR; };
		4C809EC5173439BD0062F89B /* Cocoa.framework */ = {isa = PBXFileReference; lastKnownFileType = wrapper.framework; name = Cocoa.framework; path = System/Library/Frameworks/Cocoa.framework; sourceTree = SDKROOT; };
		4C809EC8173439BD0062F89B /* AppKit.framework */ = {isa = PBXFileReference; lastKnownFileType = wrapper.framework; name = AppKit.framework; path = System/Library/Frameworks/AppKit.framework; sourceTree = SDKROOT; };
		4C809EC9173439BD0062F89B /* CoreData.framework */ = {isa = PBXFileReference; lastKnownFileType = wrapper.framework; name = CoreData.framework; path = System/Library/Frameworks/CoreData.framework; sourceTree = SDKROOT; };
		4C809ECA173439BD0062F89B /* Foundation.framework */ = {isa = PBXFileReference; lastKnownFileType = wrapper.framework; name = Foundation.framework; path = System/Library/Frameworks/Foundation.framework; sourceTree = SDKROOT; };
		4C809ECD173439BD0062F89B /* Pinport-Info.plist */ = {isa = PBXFileReference; lastKnownFileType = text.plist.xml; path = "Pinport-Info.plist"; sourceTree = "<group>"; };
		4C809ECF173439BD0062F89B /* en */ = {isa = PBXFileReference; lastKnownFileType = text.plist.strings; name = en; path = en.lproj/InfoPlist.strings; sourceTree = "<group>"; };
		4C809ED1173439BD0062F89B /* main.m */ = {isa = PBXFileReference; lastKnownFileType = sourcecode.c.objc; path = main.m; sourceTree = "<group>"; };
		4C809ED3173439BD0062F89B /* Pinport-Prefix.pch */ = {isa = PBXFileReference; lastKnownFileType = sourcecode.c.h; path = "Pinport-Prefix.pch"; sourceTree = "<group>"; };
		4C809ED5173439BD0062F89B /* en */ = {isa = PBXFileReference; lastKnownFileType = text.rtf; name = en; path = en.lproj/Credits.rtf; sourceTree = "<group>"; };
		4C809ED7173439BD0062F89B /* PPAppDelegate.h */ = {isa = PBXFileReference; lastKnownFileType = sourcecode.c.h; path = PPAppDelegate.h; sourceTree = "<group>"; };
		4C809ED8173439BD0062F89B /* PPAppDelegate.m */ = {isa = PBXFileReference; lastKnownFileType = sourcecode.c.objc; path = PPAppDelegate.m; sourceTree = "<group>"; };
		4C809EDB173439BD0062F89B /* en */ = {isa = PBXFileReference; lastKnownFileType = file.xib; name = en; path = en.lproj/MainMenu.xib; sourceTree = "<group>"; };
		4C809EF117345F1B0062F89B /* AFHTTPClient.h */ = {isa = PBXFileReference; fileEncoding = 4; lastKnownFileType = sourcecode.c.h; path = AFHTTPClient.h; sourceTree = "<group>"; };
		4C809EF217345F1B0062F89B /* AFHTTPClient.m */ = {isa = PBXFileReference; fileEncoding = 4; lastKnownFileType = sourcecode.c.objc; path = AFHTTPClient.m; sourceTree = "<group>"; };
		4C809EF317345F1B0062F89B /* AFHTTPRequestOperation.h */ = {isa = PBXFileReference; fileEncoding = 4; lastKnownFileType = sourcecode.c.h; path = AFHTTPRequestOperation.h; sourceTree = "<group>"; };
		4C809EF417345F1B0062F89B /* AFHTTPRequestOperation.m */ = {isa = PBXFileReference; fileEncoding = 4; lastKnownFileType = sourcecode.c.objc; path = AFHTTPRequestOperation.m; sourceTree = "<group>"; };
		4C809EF517345F1B0062F89B /* AFImageRequestOperation.h */ = {isa = PBXFileReference; fileEncoding = 4; lastKnownFileType = sourcecode.c.h; path = AFImageRequestOperation.h; sourceTree = "<group>"; };
		4C809EF617345F1B0062F89B /* AFImageRequestOperation.m */ = {isa = PBXFileReference; fileEncoding = 4; lastKnownFileType = sourcecode.c.objc; path = AFImageRequestOperation.m; sourceTree = "<group>"; };
		4C809EF717345F1B0062F89B /* AFJSONRequestOperation.h */ = {isa = PBXFileReference; fileEncoding = 4; lastKnownFileType = sourcecode.c.h; path = AFJSONRequestOperation.h; sourceTree = "<group>"; };
		4C809EF817345F1B0062F89B /* AFJSONRequestOperation.m */ = {isa = PBXFileReference; fileEncoding = 4; lastKnownFileType = sourcecode.c.objc; path = AFJSONRequestOperation.m; sourceTree = "<group>"; };
		4C809EF917345F1B0062F89B /* AFNetworkActivityIndicatorManager.h */ = {isa = PBXFileReference; fileEncoding = 4; lastKnownFileType = sourcecode.c.h; path = AFNetworkActivityIndicatorManager.h; sourceTree = "<group>"; };
		4C809EFA17345F1B0062F89B /* AFNetworkActivityIndicatorManager.m */ = {isa = PBXFileReference; fileEncoding = 4; lastKnownFileType = sourcecode.c.objc; path = AFNetworkActivityIndicatorManager.m; sourceTree = "<group>"; };
		4C809EFB17345F1B0062F89B /* AFNetworking.h */ = {isa = PBXFileReference; fileEncoding = 4; lastKnownFileType = sourcecode.c.h; path = AFNetworking.h; sourceTree = "<group>"; };
		4C809EFC17345F1B0062F89B /* AFPropertyListRequestOperation.h */ = {isa = PBXFileReference; fileEncoding = 4; lastKnownFileType = sourcecode.c.h; path = AFPropertyListRequestOperation.h; sourceTree = "<group>"; };
		4C809EFD17345F1B0062F89B /* AFPropertyListRequestOperation.m */ = {isa = PBXFileReference; fileEncoding = 4; lastKnownFileType = sourcecode.c.objc; path = AFPropertyListRequestOperation.m; sourceTree = "<group>"; };
		4C809EFE17345F1B0062F89B /* AFURLConnectionOperation.h */ = {isa = PBXFileReference; fileEncoding = 4; lastKnownFileType = sourcecode.c.h; path = AFURLConnectionOperation.h; sourceTree = "<group>"; };
		4C809EFF17345F1B0062F89B /* AFURLConnectionOperation.m */ = {isa = PBXFileReference; fileEncoding = 4; lastKnownFileType = sourcecode.c.objc; path = AFURLConnectionOperation.m; sourceTree = "<group>"; };
		4C809F0017345F1B0062F89B /* AFXMLRequestOperation.h */ = {isa = PBXFileReference; fileEncoding = 4; lastKnownFileType = sourcecode.c.h; path = AFXMLRequestOperation.h; sourceTree = "<group>"; };
		4C809F0117345F1B0062F89B /* AFXMLRequestOperation.m */ = {isa = PBXFileReference; fileEncoding = 4; lastKnownFileType = sourcecode.c.objc; path = AFXMLRequestOperation.m; sourceTree = "<group>"; };
		4C809F0217345F1B0062F89B /* UIImageView+AFNetworking.h */ = {isa = PBXFileReference; fileEncoding = 4; lastKnownFileType = sourcecode.c.h; path = "UIImageView+AFNetworking.h"; sourceTree = "<group>"; };
		4C809F0317345F1B0062F89B /* UIImageView+AFNetworking.m */ = {isa = PBXFileReference; fileEncoding = 4; lastKnownFileType = sourcecode.c.objc; path = "UIImageView+AFNetworking.m"; sourceTree = "<group>"; };
		4C809F0D17345FE40062F89B /* SystemConfiguration.framework */ = {isa = PBXFileReference; lastKnownFileType = wrapper.framework; name = SystemConfiguration.framework; path = System/Library/Frameworks/SystemConfiguration.framework; sourceTree = SDKROOT; };
		4C809F0F173515A60062F89B /* PPPinboardConnector.h */ = {isa = PBXFileReference; fileEncoding = 4; lastKnownFileType = sourcecode.c.h; path = PPPinboardConnector.h; sourceTree = "<group>"; };
		4C809F10173515A60062F89B /* PPPinboardConnector.m */ = {isa = PBXFileReference; fileEncoding = 4; lastKnownFileType = sourcecode.c.objc; path = PPPinboardConnector.m; sourceTree = "<group>"; };
		4C809F121735622B0062F89B /* PPGoogleReaderImport.h */ = {isa = PBXFileReference; fileEncoding = 4; lastKnownFileType = sourcecode.c.h; path = PPGoogleReaderImport.h; sourceTree = "<group>"; };
		4C809F131735622B0062F89B /* PPGoogleReaderImport.m */ = {isa = PBXFileReference; fileEncoding = 4; lastKnownFileType = sourcecode.c.objc; path = PPGoogleReaderImport.m; sourceTree = "<group>"; };
		4CD27F1C1736CA48000205A2 /* Icon.icns */ = {isa = PBXFileReference; lastKnownFileType = image.icns; path = Icon.icns; sourceTree = "<group>"; };
/* End PBXFileReference section */

/* Begin PBXFrameworksBuildPhase section */
		4C809EBF173439BD0062F89B /* Frameworks */ = {
			isa = PBXFrameworksBuildPhase;
			buildActionMask = 2147483647;
			files = (
				4C809EC6173439BD0062F89B /* Cocoa.framework in Frameworks */,
				4C809F0E17345FE40062F89B /* SystemConfiguration.framework in Frameworks */,
			);
			runOnlyForDeploymentPostprocessing = 0;
		};
/* End PBXFrameworksBuildPhase section */

/* Begin PBXGroup section */
		4C809EB9173439BD0062F89B = {
			isa = PBXGroup;
			children = (
				4C809ECB173439BD0062F89B /* Pinport */,
				4C809EC4173439BD0062F89B /* Frameworks */,
				4C809EC3173439BD0062F89B /* Products */,
			);
			sourceTree = "<group>";
		};
		4C809EC3173439BD0062F89B /* Products */ = {
			isa = PBXGroup;
			children = (
				4C809EC2173439BD0062F89B /* Pinport.app */,
			);
			name = Products;
			sourceTree = "<group>";
		};
		4C809EC4173439BD0062F89B /* Frameworks */ = {
			isa = PBXGroup;
			children = (
				4C809EC5173439BD0062F89B /* Cocoa.framework */,
				4C809F0D17345FE40062F89B /* SystemConfiguration.framework */,
				4C809EC7173439BD0062F89B /* Other Frameworks */,
			);
			name = Frameworks;
			sourceTree = "<group>";
		};
		4C809EC7173439BD0062F89B /* Other Frameworks */ = {
			isa = PBXGroup;
			children = (
				4C809EC8173439BD0062F89B /* AppKit.framework */,
				4C809EC9173439BD0062F89B /* CoreData.framework */,
				4C809ECA173439BD0062F89B /* Foundation.framework */,
			);
			name = "Other Frameworks";
			sourceTree = "<group>";
		};
		4C809ECB173439BD0062F89B /* Pinport */ = {
			isa = PBXGroup;
			children = (
				4C809EEF17345F080062F89B /* externals */,
				4C809EE2173440250062F89B /* classes */,
				4C809ED7173439BD0062F89B /* PPAppDelegate.h */,
				4C809ED8173439BD0062F89B /* PPAppDelegate.m */,
				4C809EDA173439BD0062F89B /* MainMenu.xib */,
				4C809EE3173440250062F89B /* resources */,
				4C809ECC173439BD0062F89B /* Supporting Files */,
			);
			path = Pinport;
			sourceTree = "<group>";
		};
		4C809ECC173439BD0062F89B /* Supporting Files */ = {
			isa = PBXGroup;
			children = (
				4C809ECD173439BD0062F89B /* Pinport-Info.plist */,
				4C809ECE173439BD0062F89B /* InfoPlist.strings */,
				4C809ED1173439BD0062F89B /* main.m */,
				4C809ED3173439BD0062F89B /* Pinport-Prefix.pch */,
				4C809ED4173439BD0062F89B /* Credits.rtf */,
			);
			name = "Supporting Files";
			sourceTree = "<group>";
		};
		4C809EE2173440250062F89B /* classes */ = {
			isa = PBXGroup;
			children = (
				4C809F121735622B0062F89B /* PPGoogleReaderImport.h */,
				4C809F131735622B0062F89B /* PPGoogleReaderImport.m */,
				4C809F0F173515A60062F89B /* PPPinboardConnector.h */,
				4C809F10173515A60062F89B /* PPPinboardConnector.m */,
			);
			path = classes;
			sourceTree = "<group>";
		};
		4C809EE3173440250062F89B /* resources */ = {
			isa = PBXGroup;
			children = (
				4CD27F1C1736CA48000205A2 /* Icon.icns */,
			);
			path = resources;
			sourceTree = "<group>";
		};
		4C809EEF17345F080062F89B /* externals */ = {
			isa = PBXGroup;
			children = (
				4C809EF017345F1B0062F89B /* AFNetworking */,
			);
			name = externals;
			sourceTree = "<group>";
		};
		4C809EF017345F1B0062F89B /* AFNetworking */ = {
			isa = PBXGroup;
			children = (
				4C809EF117345F1B0062F89B /* AFHTTPClient.h */,
				4C809EF217345F1B0062F89B /* AFHTTPClient.m */,
				4C809EF317345F1B0062F89B /* AFHTTPRequestOperation.h */,
				4C809EF417345F1B0062F89B /* AFHTTPRequestOperation.m */,
				4C809EF517345F1B0062F89B /* AFImageRequestOperation.h */,
				4C809EF617345F1B0062F89B /* AFImageRequestOperation.m */,
				4C809EF717345F1B0062F89B /* AFJSONRequestOperation.h */,
				4C809EF817345F1B0062F89B /* AFJSONRequestOperation.m */,
				4C809EF917345F1B0062F89B /* AFNetworkActivityIndicatorManager.h */,
				4C809EFA17345F1B0062F89B /* AFNetworkActivityIndicatorManager.m */,
				4C809EFB17345F1B0062F89B /* AFNetworking.h */,
				4C809EFC17345F1B0062F89B /* AFPropertyListRequestOperation.h */,
				4C809EFD17345F1B0062F89B /* AFPropertyListRequestOperation.m */,
				4C809EFE17345F1B0062F89B /* AFURLConnectionOperation.h */,
				4C809EFF17345F1B0062F89B /* AFURLConnectionOperation.m */,
				4C809F0017345F1B0062F89B /* AFXMLRequestOperation.h */,
				4C809F0117345F1B0062F89B /* AFXMLRequestOperation.m */,
				4C809F0217345F1B0062F89B /* UIImageView+AFNetworking.h */,
				4C809F0317345F1B0062F89B /* UIImageView+AFNetworking.m */,
			);
			name = AFNetworking;
			path = externals/AFNetworking/AFNetworking;
			sourceTree = "<group>";
		};
/* End PBXGroup section */

/* Begin PBXNativeTarget section */
		4C809EC1173439BD0062F89B /* Pinport */ = {
			isa = PBXNativeTarget;
			buildConfigurationList = 4C809EDF173439BD0062F89B /* Build configuration list for PBXNativeTarget "Pinport" */;
			buildPhases = (
				4C809EBE173439BD0062F89B /* Sources */,
				4C809EBF173439BD0062F89B /* Frameworks */,
				4C809EC0173439BD0062F89B /* Resources */,
			);
			buildRules = (
			);
			dependencies = (
			);
			name = Pinport;
			productName = Pinport;
			productReference = 4C809EC2173439BD0062F89B /* Pinport.app */;
			productType = "com.apple.product-type.application";
		};
/* End PBXNativeTarget section */

/* Begin PBXProject section */
		4C809EBA173439BD0062F89B /* Project object */ = {
			isa = PBXProject;
			attributes = {
				CLASSPREFIX = GP;
				LastUpgradeCheck = 0460;
				ORGANIZATIONNAME = mvanallen;
			};
			buildConfigurationList = 4C809EBD173439BD0062F89B /* Build configuration list for PBXProject "Pinport" */;
			compatibilityVersion = "Xcode 3.2";
			developmentRegion = English;
			hasScannedForEncodings = 0;
			knownRegions = (
				en,
			);
			mainGroup = 4C809EB9173439BD0062F89B;
			productRefGroup = 4C809EC3173439BD0062F89B /* Products */;
			projectDirPath = "";
			projectRoot = "";
			targets = (
				4C809EC1173439BD0062F89B /* Pinport */,
			);
		};
/* End PBXProject section */

/* Begin PBXResourcesBuildPhase section */
		4C809EC0173439BD0062F89B /* Resources */ = {
			isa = PBXResourcesBuildPhase;
			buildActionMask = 2147483647;
			files = (
				4C809ED0173439BD0062F89B /* InfoPlist.strings in Resources */,
				4C809ED6173439BD0062F89B /* Credits.rtf in Resources */,
				4C809EDC173439BD0062F89B /* MainMenu.xib in Resources */,
				4CD27F1D1736CA48000205A2 /* Icon.icns in Resources */,
			);
			runOnlyForDeploymentPostprocessing = 0;
		};
/* End PBXResourcesBuildPhase section */

/* Begin PBXSourcesBuildPhase section */
		4C809EBE173439BD0062F89B /* Sources */ = {
			isa = PBXSourcesBuildPhase;
			buildActionMask = 2147483647;
			files = (
				4C809ED2173439BD0062F89B /* main.m in Sources */,
				4C809ED9173439BD0062F89B /* PPAppDelegate.m in Sources */,
				4C809F0417345F1B0062F89B /* AFHTTPClient.m in Sources */,
				4C809F0517345F1B0062F89B /* AFHTTPRequestOperation.m in Sources */,
				4C809F0617345F1B0062F89B /* AFImageRequestOperation.m in Sources */,
				4C809F0717345F1B0062F89B /* AFJSONRequestOperation.m in Sources */,
				4C809F0817345F1B0062F89B /* AFNetworkActivityIndicatorManager.m in Sources */,
				4C809F0917345F1B0062F89B /* AFPropertyListRequestOperation.m in Sources */,
				4C809F0A17345F1B0062F89B /* AFURLConnectionOperation.m in Sources */,
				4C809F0B17345F1B0062F89B /* AFXMLRequestOperation.m in Sources */,
				4C809F0C17345F1B0062F89B /* UIImageView+AFNetworking.m in Sources */,
				4C809F11173515A60062F89B /* PPPinboardConnector.m in Sources */,
				4C809F141735622B0062F89B /* PPGoogleReaderImport.m in Sources */,
			);
			runOnlyForDeploymentPostprocessing = 0;
		};
/* End PBXSourcesBuildPhase section */

/* Begin PBXVariantGroup section */
		4C809ECE173439BD0062F89B /* InfoPlist.strings */ = {
			isa = PBXVariantGroup;
			children = (
				4C809ECF173439BD0062F89B /* en */,
			);
			name = InfoPlist.strings;
			sourceTree = "<group>";
		};
		4C809ED4173439BD0062F89B /* Credits.rtf */ = {
			isa = PBXVariantGroup;
			children = (
				4C809ED5173439BD0062F89B /* en */,
			);
			name = Credits.rtf;
			sourceTree = "<group>";
		};
		4C809EDA173439BD0062F89B /* MainMenu.xib */ = {
			isa = PBXVariantGroup;
			children = (
				4C809EDB173439BD0062F89B /* en */,
			);
			name = MainMenu.xib;
			sourceTree = "<group>";
		};
/* End PBXVariantGroup section */

/* Begin XCBuildConfiguration section */
		4C809EDD173439BD0062F89B /* Debug */ = {
			isa = XCBuildConfiguration;
			buildSettings = {
				ALWAYS_SEARCH_USER_PATHS = NO;
				ARCHS = "$(ARCHS_STANDARD_64_BIT)";
				CLANG_CXX_LANGUAGE_STANDARD = "gnu++0x";
				CLANG_CXX_LIBRARY = "libc++";
				CLANG_ENABLE_OBJC_ARC = YES;
				CLANG_WARN_CONSTANT_CONVERSION = YES;
				CLANG_WARN_EMPTY_BODY = YES;
				CLANG_WARN_ENUM_CONVERSION = YES;
				CLANG_WARN_INT_CONVERSION = YES;
				CLANG_WARN__DUPLICATE_METHOD_MATCH = YES;
				COPY_PHASE_STRIP = NO;
				GCC_C_LANGUAGE_STANDARD = gnu99;
				GCC_DYNAMIC_NO_PIC = NO;
				GCC_ENABLE_OBJC_EXCEPTIONS = YES;
				GCC_OPTIMIZATION_LEVEL = 0;
				GCC_PREPROCESSOR_DEFINITIONS = (
					"DEBUG=1",
					"$(inherited)",
				);
				GCC_SYMBOLS_PRIVATE_EXTERN = NO;
				GCC_WARN_64_TO_32_BIT_CONVERSION = YES;
				GCC_WARN_ABOUT_RETURN_TYPE = YES;
				GCC_WARN_UNINITIALIZED_AUTOS = YES;
				GCC_WARN_UNUSED_VARIABLE = YES;
				MACOSX_DEPLOYMENT_TARGET = 10.7;
				ONLY_ACTIVE_ARCH = NO;
				SDKROOT = macosx;
			};
			name = Debug;
		};
		4C809EDE173439BD0062F89B /* Release */ = {
			isa = XCBuildConfiguration;
			buildSettings = {
				ALWAYS_SEARCH_USER_PATHS = NO;
				ARCHS = "$(ARCHS_STANDARD_64_BIT)";
				CLANG_CXX_LANGUAGE_STANDARD = "gnu++0x";
				CLANG_CXX_LIBRARY = "libc++";
				CLANG_ENABLE_OBJC_ARC = YES;
				CLANG_WARN_CONSTANT_CONVERSION = YES;
				CLANG_WARN_EMPTY_BODY = YES;
				CLANG_WARN_ENUM_CONVERSION = YES;
				CLANG_WARN_INT_CONVERSION = YES;
				CLANG_WARN__DUPLICATE_METHOD_MATCH = YES;
				COPY_PHASE_STRIP = YES;
				DEBUG_INFORMATION_FORMAT = "dwarf-with-dsym";
				GCC_C_LANGUAGE_STANDARD = gnu99;
				GCC_ENABLE_OBJC_EXCEPTIONS = YES;
				GCC_WARN_64_TO_32_BIT_CONVERSION = YES;
				GCC_WARN_ABOUT_RETURN_TYPE = YES;
				GCC_WARN_UNINITIALIZED_AUTOS = YES;
				GCC_WARN_UNUSED_VARIABLE = YES;
				MACOSX_DEPLOYMENT_TARGET = 10.7;
				SDKROOT = macosx;
			};
			name = Release;
		};
		4C809EE0173439BD0062F89B /* Debug */ = {
			isa = XCBuildConfiguration;
			buildSettings = {
				COMBINE_HIDPI_IMAGES = YES;
				GCC_PRECOMPILE_PREFIX_HEADER = YES;
				GCC_PREFIX_HEADER = "Pinport/Pinport-Prefix.pch";
				INFOPLIST_FILE = "Pinport/Pinport-Info.plist";
				PRODUCT_NAME = "$(TARGET_NAME)";
				WRAPPER_EXTENSION = app;
			};
			name = Debug;
		};
		4C809EE1173439BD0062F89B /* Release */ = {
			isa = XCBuildConfiguration;
			buildSettings = {
				COMBINE_HIDPI_IMAGES = YES;
				GCC_PRECOMPILE_PREFIX_HEADER = YES;
				GCC_PREFIX_HEADER = "Pinport/Pinport-Prefix.pch";
				INFOPLIST_FILE = "Pinport/Pinport-Info.plist";
				PRODUCT_NAME = "$(TARGET_NAME)";
				WRAPPER_EXTENSION = app;
			};
			name = Release;
		};
/* End XCBuildConfiguration section */

/* Begin XCConfigurationList section */
		4C809EBD173439BD0062F89B /* Build configuration list for PBXProject "Pinport" */ = {
			isa = XCConfigurationList;
			buildConfigurations = (
				4C809EDD173439BD0062F89B /* Debug */,
				4C809EDE173439BD0062F89B /* Release */,
			);
			defaultConfigurationIsVisible = 0;
			defaultConfigurationName = Release;
		};
		4C809EDF173439BD0062F89B /* Build configuration list for PBXNativeTarget "Pinport" */ = {
			isa = XCConfigurationList;
			buildConfigurations = (
				4C809EE0173439BD0062F89B /* Debug */,
				4C809EE1173439BD0062F89B /* Release */,
			);
			defaultConfigurationIsVisible = 0;
			defaultConfigurationName = Release;
		};
/* End XCConfigurationList section */
	};
	rootObject = 4C809EBA173439BD0062F89B /* Project object */;
}
